
Microsoft Visual Studio Solution File, Format Version 12.00
# Visual Studio Version 16
VisualStudioVersion = 16.0.30128.74
MinimumVisualStudioVersion = 10.0.40219.1
Project("{FAE04EC0-301F-11D3-BF4B-00C04F79EFBC}") = "WpfApp1", "WpfApp1\WpfApp1.csproj", "{75309C13-7595-4902-9877-845AB6722F43}"
EndProject
Global
	GlobalSection(SolutionConfigurationPlatforms) = preSolution
		Debug|Any CPU = Debug|Any CPU
		Release|Any CPU = Release|Any CPU
	EndGlobalSection
	GlobalSection(ProjectConfigurationPlatforms) = postSolution
		{75309C13-7595-4902-9877-845AB6722F43}.Debug|Any CPU.ActiveCfg = Debug|Any CPU
		{75309C13-7595-4902-9877-845AB6722F43}.Debug|Any CPU.Build.0 = Debug|Any CPU
		{75309C13-7595-4902-9877-845AB6722F43}.Release|Any CPU.ActiveCfg = Release|Any CPU
		{75309C13-7595-4902-9877-845AB6722F43}.Release|Any CPU.Build.0 = Release|Any CPU
	EndGlobalSection
	GlobalSection(SolutionProperties) = preSolution
		HideSolutionNode = FALSE
	EndGlobalSection
	GlobalSection(ExtensibilityGlobals) = postSolution
		SolutionGuid = {2C758D85-1560-4EC6-B71B-BA305835711B}
	EndGlobalSection
EndGlobal
